
Microsoft Visual Studio Solution File, Format Version 12.00
# Visual Studio Version 16
VisualStudioVersion = 16.0.30503.244
MinimumVisualStudioVersion = 10.0.40219.1
Project("{FAE04EC0-301F-11D3-BF4B-00C04F79EFBC}") = "ProductReviewManagement", "ProductReviewManagement.csproj", "{605C4EE3-8C3C-448A-9947-B41490D1B081}"
EndProject
Global
	GlobalSection(SolutionConfigurationPlatforms) = preSolution
		Debug|Any CPU = Debug|Any CPU
		Release|Any CPU = Release|Any CPU
	EndGlobalSection
	GlobalSection(ProjectConfigurationPlatforms) = postSolution
		{605C4EE3-8C3C-448A-9947-B41490D1B081}.Debug|Any CPU.ActiveCfg = Debug|Any CPU
		{605C4EE3-8C3C-448A-9947-B41490D1B081}.Debug|Any CPU.Build.0 = Debug|Any CPU
		{605C4EE3-8C3C-448A-9947-B41490D1B081}.Release|Any CPU.ActiveCfg = Release|Any CPU
		{605C4EE3-8C3C-448A-9947-B41490D1B081}.Release|Any CPU.Build.0 = Release|Any CPU
	EndGlobalSection
	GlobalSection(SolutionProperties) = preSolution
		HideSolutionNode = FALSE
	EndGlobalSection
	GlobalSection(ExtensibilityGlobals) = postSolution
		SolutionGuid = {CBD70E87-3134-42DD-920E-7C9A97A9F79F}
	EndGlobalSection
EndGlobal
